FORGE
  remote: http://forge.puppetlabs.com/
  specs:
    example42/puppi (2.1.7)
    puppetlabs/apt (1.4.0)
      puppetlabs/stdlib (>= 2.2.1)
    puppetlabs/nginx (0.0.1)
      puppetlabs/stdlib (>= 0.1.6)
    puppetlabs/nodejs (0.4.0)
      puppetlabs/apt (>= 0.0.3)
      puppetlabs/stdlib (>= 2.0.0)
    puppetlabs/stdlib (4.1.0)
    puppetlabs/vcsrepo (0.2.0)

GIT
  remote: git://github.com/puphpet/puppet-puphpet.git
  ref: master
  sha: ae98fbc2fd53b9aaaf9dddfa89cb9eecd0de65df
  specs:
    puphpet/puppet-puphpet (0.0.1)

DEPENDENCIES
  example42/puppi (>= 0)
  puphpet/puppet-puphpet (>= 0)
  puppetlabs/apt (>= 0)
  puppetlabs/nginx (>= 0)
  puppetlabs/nodejs (>= 0)
  puppetlabs/stdlib (>= 0)
  puppetlabs/vcsrepo (>= 0)

